
Microsoft Visual Studio Solution File, Format Version 12.00
# Visual Studio Version 17
VisualStudioVersion = 17.2.32630.192
MinimumVisualStudioVersion = 10.0.40219.1
Project("{FAE04EC0-301F-11D3-BF4B-00C04F79EFBC}") = "ShopOnline.Web", "ShopOnline.Web\ShopOnline.Web.csproj", "{12F66C4C-1D1F-48B7-8534-64FE4576EB15}"
EndProject
Project("{FAE04EC0-301F-11D3-BF4B-00C04F79EFBC}") = "ShopOnline.Api", "ShopOnline.Api\ShopOnline.Api.csproj", "{2D20B5B2-497A-4C9C-BE06-E0AA7DC50F1C}"
EndProject
Project("{FAE04EC0-301F-11D3-BF4B-00C04F79EFBC}") = "ShopOnline.Models", "ShopOnline.Models\ShopOnline.Models.csproj", "{DC2157D2-298E-4450-B4E6-BE68D034B52D}"
EndProject
Global
	GlobalSection(SolutionConfigurationPlatforms) = preSolution
		Debug|Any CPU = Debug|Any CPU
		Release|Any CPU = Release|Any CPU
	EndGlobalSection
	GlobalSection(ProjectConfigurationPlatforms) = postSolution
		{12F66C4C-1D1F-48B7-8534-64FE4576EB15}.Debug|Any CPU.ActiveCfg = Debug|Any CPU
		{12F66C4C-1D1F-48B7-8534-64FE4576EB15}.Debug|Any CPU.Build.0 = Debug|Any CPU
		{12F66C4C-1D1F-48B7-8534-64FE4576EB15}.Release|Any CPU.ActiveCfg = Release|Any CPU
		{12F66C4C-1D1F-48B7-8534-64FE4576EB15}.Release|Any CPU.Build.0 = Release|Any CPU
		{2D20B5B2-497A-4C9C-BE06-E0AA7DC50F1C}.Debug|Any CPU.ActiveCfg = Debug|Any CPU
		{2D20B5B2-497A-4C9C-BE06-E0AA7DC50F1C}.Debug|Any CPU.Build.0 = Debug|Any CPU
		{2D20B5B2-497A-4C9C-BE06-E0AA7DC50F1C}.Release|Any CPU.ActiveCfg = Release|Any CPU
		{2D20B5B2-497A-4C9C-BE06-E0AA7DC50F1C}.Release|Any CPU.Build.0 = Release|Any CPU
		{DC2157D2-298E-4450-B4E6-BE68D034B52D}.Debug|Any CPU.ActiveCfg = Debug|Any CPU
		{DC2157D2-298E-4450-B4E6-BE68D034B52D}.Debug|Any CPU.Build.0 = Debug|Any CPU
		{DC2157D2-298E-4450-B4E6-BE68D034B52D}.Release|Any CPU.ActiveCfg = Release|Any CPU
		{DC2157D2-298E-4450-B4E6-BE68D034B52D}.Release|Any CPU.Build.0 = Release|Any CPU
	EndGlobalSection
	GlobalSection(SolutionProperties) = preSolution
		HideSolutionNode = FALSE
	EndGlobalSection
	GlobalSection(ExtensibilityGlobals) = postSolution
		SolutionGuid = {B296A200-77A1-486D-9BC7-F4F8A7DE7373}
	EndGlobalSection
EndGlobal
